// !$*UTF8*$!
{
	archiveVersion = 1;
	classes = {
	};
	objectVersion = 46;
	objects = {

/* Begin PBXBuildFile section */
		4F34A3461A7902A70039B2CC /* DecisionCell.xib in Resources */ = {isa = PBXBuildFile; fileRef = 4F34A3451A7902A70039B2CC /* DecisionCell.xib */; };
		4F34A3481A7938B00039B2CC /* TotalCell.xib in Resources */ = {isa = PBXBuildFile; fileRef = 4F34A3471A7938B00039B2CC /* TotalCell.xib */; };
		4F4F06921A922E120072B65C /* NearByCell.swift in Sources */ = {isa = PBXBuildFile; fileRef = 4F4F06911A922E120072B65C /* NearByCell.swift */; };
		4F4F06951A922E750072B65C /* ChoiceCell.xib in Resources */ = {isa = PBXBuildFile; fileRef = 4F4F06941A922E750072B65C /* ChoiceCell.xib */; };
		4F6A72281A7CA1A2005BE302 /* FriendsViewController.swift in Sources */ = {isa = PBXBuildFile; fileRef = 4F6A72271A7CA1A2005BE302 /* FriendsViewController.swift */; };
		4F6FD40C1A86787300898100 /* MeViewController.swift in Sources */ = {isa = PBXBuildFile; fileRef = 4F6FD40B1A86787300898100 /* MeViewController.swift */; };
		4F6FD40E1A8678D100898100 /* MeDetailVC.swift in Sources */ = {isa = PBXBuildFile; fileRef = 4F6FD40D1A8678D100898100 /* MeDetailVC.swift */; };
		4F6FD4121A86798800898100 /* NewChoiceVC.swift in Sources */ = {isa = PBXBuildFile; fileRef = 4F6FD4111A86798800898100 /* NewChoiceVC.swift */; };
		4F7938E41A78C2CC00B6C697 /* MyChoiceTableViewController.swift in Sources */ = {isa = PBXBuildFile; fileRef = 4F7938E31A78C2CC00B6C697 /* MyChoiceTableViewController.swift */; };
		4FBB1EBF1A7A87C5009A26C5 /* ChoiceDetailViewController.swift in Sources */ = {isa = PBXBuildFile; fileRef = 4FBB1EBE1A7A87C5009A26C5 /* ChoiceDetailViewController.swift */; };
		4FCC67031A808A97007CD7B0 /* NearbyViewController.swift in Sources */ = {isa = PBXBuildFile; fileRef = 4FCC67021A808A97007CD7B0 /* NearbyViewController.swift */; };
		4FDB42E21B1C9C5700564EC8 /* DataPicker.swift in Sources */ = {isa = PBXBuildFile; fileRef = 4FDB42E11B1C9C5700564EC8 /* DataPicker.swift */; };
		4FDB42E41B1CA09400564EC8 /* QXSZ.swift in Sources */ = {isa = PBXBuildFile; fileRef = 4FDB42E31B1CA09400564EC8 /* QXSZ.swift */; };
		4FDB42E61B1CB64F00564EC8 /* model.swift in Sources */ = {isa = PBXBuildFile; fileRef = 4FDB42E51B1CB64F00564EC8 /* model.swift */; };
		4FDB42E81B1D9C7B00564EC8 /* FriendCell.xib in Resources */ = {isa = PBXBuildFile; fileRef = 4FDB42E71B1D9C7B00564EC8 /* FriendCell.xib */; };
		4FDB42EA1B1DC0D700564EC8 /* searchFriend.swift in Sources */ = {isa = PBXBuildFile; fileRef = 4FDB42E91B1DC0D700564EC8 /* searchFriend.swift */; };
		4FDBA2B31A77EFDA00E19191 /* AppDelegate.swift in Sources */ = {isa = PBXBuildFile; fileRef = 4FDBA2B21A77EFDA00E19191 /* AppDelegate.swift */; };
		4FDBA2B51A77EFDA00E19191 /* TabBarController.swift in Sources */ = {isa = PBXBuildFile; fileRef = 4FDBA2B41A77EFDA00E19191 /* TabBarController.swift */; };
		4FDBA2B81A77EFDA00E19191 /* Main.storyboard in Resources */ = {isa = PBXBuildFile; fileRef = 4FDBA2B61A77EFDA00E19191 /* Main.storyboard */; };
		4FDBA2BA1A77EFDA00E19191 /* Images.xcassets in Resources */ = {isa = PBXBuildFile; fileRef = 4FDBA2B91A77EFDA00E19191 /* Images.xcassets */; };
		4FDBA2BD1A77EFDA00E19191 /* LaunchScreen.xib in Resources */ = {isa = PBXBuildFile; fileRef = 4FDBA2BB1A77EFDA00E19191 /* LaunchScreen.xib */; };
		4FDBA2C91A77EFDA00E19191 /* MyChoiceTests.swift in Sources */ = {isa = PBXBuildFile; fileRef = 4FDBA2C81A77EFDA00E19191 /* MyChoiceTests.swift */; };
/* End PBXBuildFile section */

/* Begin PBXContainerItemProxy section */
		4FDBA2C31A77EFDA00E19191 /* PBXContainerItemProxy */ = {
			isa = PBXContainerItemProxy;
			containerPortal = 4FDBA2A51A77EFDA00E19191 /* Project object */;
			proxyType = 1;
			remoteGlobalIDString = 4FDBA2AC1A77EFDA00E19191;
			remoteInfo = MyChoice;
		};
/* End PBXContainerItemProxy section */

/* Begin PBXFileReference section */
		4F34A3451A7902A70039B2CC /* DecisionCell.xib */ = {isa = PBXFileReference; fileEncoding = 4; lastKnownFileType = file.xib; path = DecisionCell.xib; sourceTree = "<group>"; };
		4F34A3471A7938B00039B2CC /* TotalCell.xib */ = {isa = PBXFileReference; fileEncoding = 4; lastKnownFileType = file.xib; path = TotalCell.xib; sourceTree = "<group>"; };
		4F4F06911A922E120072B65C /* NearByCell.swift */ = {isa = PBXFileReference; fileEncoding = 4; lastKnownFileType = sourcecode.swift; path = NearByCell.swift; sourceTree = "<group>"; };
		4F4F06941A922E750072B65C /* ChoiceCell.xib */ = {isa = PBXFileReference; fileEncoding = 4; lastKnownFileType = file.xib; path = ChoiceCell.xib; sourceTree = "<group>"; };
		4F6A72271A7CA1A2005BE302 /* FriendsViewController.swift */ = {isa = PBXFileReference; fileEncoding = 4; lastKnownFileType = sourcecode.swift; path = FriendsViewController.swift; sourceTree = "<group>"; };
		4F6FD40B1A86787300898100 /* MeViewController.swift */ = {isa = PBXFileReference; fileEncoding = 4; lastKnownFileType = sourcecode.swift; path = MeViewController.swift; sourceTree = "<group>"; };
		4F6FD40D1A8678D100898100 /* MeDetailVC.swift */ = {isa = PBXFileReference; fileEncoding = 4; lastKnownFileType = sourcecode.swift; path = MeDetailVC.swift; sourceTree = "<group>"; };
		4F6FD4111A86798800898100 /* NewChoiceVC.swift */ = {isa = PBXFileReference; fileEncoding = 4; lastKnownFileType = sourcecode.swift; path = NewChoiceVC.swift; sourceTree = "<group>"; };
		4F7938E31A78C2CC00B6C697 /* MyChoiceTableViewController.swift */ = {isa = PBXFileReference; fileEncoding = 4; lastKnownFileType = sourcecode.swift; path = MyChoiceTableViewController.swift; sourceTree = "<group>"; };
		4FBB1EBE1A7A87C5009A26C5 /* ChoiceDetailViewController.swift */ = {isa = PBXFileReference; fileEncoding = 4; lastKnownFileType = sourcecode.swift; path = ChoiceDetailViewController.swift; sourceTree = "<group>"; };
		4FCC67021A808A97007CD7B0 /* NearbyViewController.swift */ = {isa = PBXFileReference; fileEncoding = 4; lastKnownFileType = sourcecode.swift; path = NearbyViewController.swift; sourceTree = "<group>"; };
		4FDB42E11B1C9C5700564EC8 /* DataPicker.swift */ = {isa = PBXFileReference; fileEncoding = 4; lastKnownFileType = sourcecode.swift; path = DataPicker.swift; sourceTree = "<group>"; };
		4FDB42E31B1CA09400564EC8 /* QXSZ.swift */ = {isa = PBXFileReference; fileEncoding = 4; lastKnownFileType = sourcecode.swift; path = QXSZ.swift; sourceTree = "<group>"; };
		4FDB42E51B1CB64F00564EC8 /* model.swift */ = {isa = PBXFileReference; fileEncoding = 4; lastKnownFileType = sourcecode.swift; path = model.swift; sourceTree = "<group>"; };
		4FDB42E71B1D9C7B00564EC8 /* FriendCell.xib */ = {isa = PBXFileReference; fileEncoding = 4; lastKnownFileType = file.xib; path = FriendCell.xib; sourceTree = "<group>"; };
		4FDB42E91B1DC0D700564EC8 /* searchFriend.swift */ = {isa = PBXFileReference; fileEncoding = 4; lastKnownFileType = sourcecode.swift; path = searchFriend.swift; sourceTree = "<group>"; };
		4FDBA2AD1A77EFDA00E19191 /* MyChoice.app */ = {isa = PBXFileReference; explicitFileType = wrapper.application; includeInIndex = 0; path = MyChoice.app; sourceTree = BUILT_PRODUCTS_DIR; };
		4FDBA2B11A77EFDA00E19191 /* Info.plist */ = {isa = PBXFileReference; lastKnownFileType = text.plist.xml; path = Info.plist; sourceTree = "<group>"; };
		4FDBA2B21A77EFDA00E19191 /* AppDelegate.swift */ = {isa = PBXFileReference; lastKnownFileType = sourcecode.swift; path = AppDelegate.swift; sourceTree = "<group>"; };
		4FDBA2B41A77EFDA00E19191 /* TabBarController.swift */ = {isa = PBXFileReference; lastKnownFileType = sourcecode.swift; path = TabBarController.swift; sourceTree = "<group>"; };
		4FDBA2B71A77EFDA00E19191 /* Base */ = {isa = PBXFileReference; lastKnownFileType = file.storyboard; name = Base; path = Base.lproj/Main.storyboard; sourceTree = "<group>"; };
		4FDBA2B91A77EFDA00E19191 /* Images.xcassets */ = {isa = PBXFileReference; lastKnownFileType = folder.assetcatalog; path = Images.xcassets; sourceTree = "<group>"; };
		4FDBA2BC1A77EFDA00E19191 /* Base */ = {isa = PBXFileReference; lastKnownFileType = file.xib; name = Base; path = Base.lproj/LaunchScreen.xib; sourceTree = "<group>"; };
		4FDBA2C21A77EFDA00E19191 /* MyChoiceTests.xctest */ = {isa = PBXFileReference; explicitFileType = wrapper.cfbundle; includeInIndex = 0; path = MyChoiceTests.xctest; sourceTree = BUILT_PRODUCTS_DIR; };
		4FDBA2C71A77EFDA00E19191 /* Info.plist */ = {isa = PBXFileReference; lastKnownFileType = text.plist.xml; path = Info.plist; sourceTree = "<group>"; };
		4FDBA2C81A77EFDA00E19191 /* MyChoiceTests.swift */ = {isa = PBXFileReference; lastKnownFileType = sourcecode.swift; path = MyChoiceTests.swift; sourceTree = "<group>"; };
/* End PBXFileReference section */

/* Begin PBXFrameworksBuildPhase section */
		4FDBA2AA1A77EFDA00E19191 /* Frameworks */ = {
			isa = PBXFrameworksBuildPhase;
			buildActionMask = 2147483647;
			files = (
			);
			runOnlyForDeploymentPostprocessing = 0;
		};
		4FDBA2BF1A77EFDA00E19191 /* Frameworks */ = {
			isa = PBXFrameworksBuildPhase;
			buildActionMask = 2147483647;
			files = (
			);
			runOnlyForDeploymentPostprocessing = 0;
		};
/* End PBXFrameworksBuildPhase section */

/* Begin PBXGroup section */
		4F4F06931A922E560072B65C /* Cell */ = {
			isa = PBXGroup;
			children = (
				4F4F06911A922E120072B65C /* NearByCell.swift */,
			);
			name = Cell;
			sourceTree = "<group>";
		};
		4F6A722B1A7CB510005BE302 /* everyTab */ = {
			isa = PBXGroup;
			children = (
				4FDB42E91B1DC0D700564EC8 /* searchFriend.swift */,
				4FDB42E31B1CA09400564EC8 /* QXSZ.swift */,
				4FDB42E11B1C9C5700564EC8 /* DataPicker.swift */,
				4FDB42E51B1CB64F00564EC8 /* model.swift */,
				4F6FD40D1A8678D100898100 /* MeDetailVC.swift */,
				4F6FD4111A86798800898100 /* NewChoiceVC.swift */,
				4F6FD40B1A86787300898100 /* MeViewController.swift */,
				4F6A72271A7CA1A2005BE302 /* FriendsViewController.swift */,
				4FCC67021A808A97007CD7B0 /* NearbyViewController.swift */,
				4F7938E31A78C2CC00B6C697 /* MyChoiceTableViewController.swift */,
			);
			name = everyTab;
			sourceTree = "<group>";
		};
		4F6A722C1A7CB556005BE302 /* CellXib */ = {
			isa = PBXGroup;
			children = (
				4F4F06941A922E750072B65C /* ChoiceCell.xib */,
				4F34A3471A7938B00039B2CC /* TotalCell.xib */,
				4F34A3451A7902A70039B2CC /* DecisionCell.xib */,
				4FDB42E71B1D9C7B00564EC8 /* FriendCell.xib */,
			);
			name = CellXib;
			sourceTree = "<group>";
		};
		4F6A722D1A7CB576005BE302 /* SecondVC */ = {
			isa = PBXGroup;
			children = (
				4FBB1EBE1A7A87C5009A26C5 /* ChoiceDetailViewController.swift */,
			);
			name = SecondVC;
			sourceTree = "<group>";
		};
		4FDBA2A41A77EFDA00E19191 = {
			isa = PBXGroup;
			children = (
				4FDBA2AF1A77EFDA00E19191 /* MyChoice */,
				4FDBA2C51A77EFDA00E19191 /* MyChoiceTests */,
				4FDBA2AE1A77EFDA00E19191 /* Products */,
			);
			sourceTree = "<group>";
		};
		4FDBA2AE1A77EFDA00E19191 /* Products */ = {
			isa = PBXGroup;
			children = (
				4FDBA2AD1A77EFDA00E19191 /* MyChoice.app */,
				4FDBA2C21A77EFDA00E19191 /* MyChoiceTests.xctest */,
			);
			name = Products;
			sourceTree = "<group>";
		};
		4FDBA2AF1A77EFDA00E19191 /* MyChoice */ = {
			isa = PBXGroup;
			children = (
				4F4F06931A922E560072B65C /* Cell */,
				4F6A722C1A7CB556005BE302 /* CellXib */,
				4F6A722B1A7CB510005BE302 /* everyTab */,
				4F6A722D1A7CB576005BE302 /* SecondVC */,
				4FDBA2B21A77EFDA00E19191 /* AppDelegate.swift */,
				4FDBA2B41A77EFDA00E19191 /* TabBarController.swift */,
				4FDBA2B61A77EFDA00E19191 /* Main.storyboard */,
				4FDBA2B91A77EFDA00E19191 /* Images.xcassets */,
				4FDBA2BB1A77EFDA00E19191 /* LaunchScreen.xib */,
				4FDBA2B01A77EFDA00E19191 /* Supporting Files */,
			);
			path = MyChoice;
			sourceTree = "<group>";
		};
		4FDBA2B01A77EFDA00E19191 /* Supporting Files */ = {
			isa = PBXGroup;
			children = (
				4FDBA2B11A77EFDA00E19191 /* Info.plist */,
			);
			name = "Supporting Files";
			sourceTree = "<group>";
		};
		4FDBA2C51A77EFDA00E19191 /* MyChoiceTests */ = {
			isa = PBXGroup;
			children = (
				4FDBA2C81A77EFDA00E19191 /* MyChoiceTests.swift */,
				4FDBA2C61A77EFDA00E19191 /* Supporting Files */,
			);
			path = MyChoiceTests;
			sourceTree = "<group>";
		};
		4FDBA2C61A77EFDA00E19191 /* Supporting Files */ = {
			isa = PBXGroup;
			children = (
				4FDBA2C71A77EFDA00E19191 /* Info.plist */,
			);
			name = "Supporting Files";
			sourceTree = "<group>";
		};
/* End PBXGroup section */

/* Begin PBXNativeTarget section */
		4FDBA2AC1A77EFDA00E19191 /* MyChoice */ = {
			isa = PBXNativeTarget;
			buildConfigurationList = 4FDBA2CC1A77EFDA00E19191 /* Build configuration list for PBXNativeTarget "MyChoice" */;
			buildPhases = (
				4FDBA2A91A77EFDA00E19191 /* Sources */,
				4FDBA2AA1A77EFDA00E19191 /* Frameworks */,
				4FDBA2AB1A77EFDA00E19191 /* Resources */,
			);
			buildRules = (
			);
			dependencies = (
			);
			name = MyChoice;
			productName = MyChoice;
			productReference = 4FDBA2AD1A77EFDA00E19191 /* MyChoice.app */;
			productType = "com.apple.product-type.application";
		};
		4FDBA2C11A77EFDA00E19191 /* MyChoiceTests */ = {
			isa = PBXNativeTarget;
			buildConfigurationList = 4FDBA2CF1A77EFDA00E19191 /* Build configuration list for PBXNativeTarget "MyChoiceTests" */;
			buildPhases = (
				4FDBA2BE1A77EFDA00E19191 /* Sources */,
				4FDBA2BF1A77EFDA00E19191 /* Frameworks */,
				4FDBA2C01A77EFDA00E19191 /* Resources */,
			);
			buildRules = (
			);
			dependencies = (
				4FDBA2C41A77EFDA00E19191 /* PBXTargetDependency */,
			);
			name = MyChoiceTests;
			productName = MyChoiceTests;
			productReference = 4FDBA2C21A77EFDA00E19191 /* MyChoiceTests.xctest */;
			productType = "com.apple.product-type.bundle.unit-test";
		};
/* End PBXNativeTarget section */

/* Begin PBXProject section */
		4FDBA2A51A77EFDA00E19191 /* Project object */ = {
			isa = PBXProject;
			attributes = {
				LastUpgradeCheck = 0610;
				ORGANIZATIONNAME = "莫宇剑";
				TargetAttributes = {
					4FDBA2AC1A77EFDA00E19191 = {
						CreatedOnToolsVersion = 6.1.1;
					};
					4FDBA2C11A77EFDA00E19191 = {
						CreatedOnToolsVersion = 6.1.1;
						TestTargetID = 4FDBA2AC1A77EFDA00E19191;
					};
				};
			};
			buildConfigurationList = 4FDBA2A81A77EFDA00E19191 /* Build configuration list for PBXProject "MyChoice" */;
			compatibilityVersion = "Xcode 3.2";
			developmentRegion = English;
			hasScannedForEncodings = 0;
			knownRegions = (
				en,
				Base,
			);
			mainGroup = 4FDBA2A41A77EFDA00E19191;
			productRefGroup = 4FDBA2AE1A77EFDA00E19191 /* Products */;
			projectDirPath = "";
			projectRoot = "";
			targets = (
				4FDBA2AC1A77EFDA00E19191 /* MyChoice */,
				4FDBA2C11A77EFDA00E19191 /* MyChoiceTests */,
			);
		};
/* End PBXProject section */

/* Begin PBXResourcesBuildPhase section */
		4FDBA2AB1A77EFDA00E19191 /* Resources */ = {
			isa = PBXResourcesBuildPhase;
			buildActionMask = 2147483647;
			files = (
				4F34A3481A7938B00039B2CC /* TotalCell.xib in Resources */,
				4FDBA2B81A77EFDA00E19191 /* Main.storyboard in Resources */,
				4F34A3461A7902A70039B2CC /* DecisionCell.xib in Resources */,
				4FDB42E81B1D9C7B00564EC8 /* FriendCell.xib in Resources */,
				4FDBA2BD1A77EFDA00E19191 /* LaunchScreen.xib in Resources */,
				4F4F06951A922E750072B65C /* ChoiceCell.xib in Resources */,
				4FDBA2BA1A77EFDA00E19191 /* Images.xcassets in Resources */,
			);
			runOnlyForDeploymentPostprocessing = 0;
		};
		4FDBA2C01A77EFDA00E19191 /* Resources */ = {
			isa = PBXResourcesBuildPhase;
			buildActionMask = 2147483647;
			files = (
			);
			runOnlyForDeploymentPostprocessing = 0;
		};
/* End PBXResourcesBuildPhase section */

/* Begin PBXSourcesBuildPhase section */
		4FDBA2A91A77EFDA00E19191 /* Sources */ = {
			isa = PBXSourcesBuildPhase;
			buildActionMask = 2147483647;
			files = (
				4FBB1EBF1A7A87C5009A26C5 /* ChoiceDetailViewController.swift in Sources */,
				4F6FD40E1A8678D100898100 /* MeDetailVC.swift in Sources */,
				4F6FD40C1A86787300898100 /* MeViewController.swift in Sources */,
				4FDB42EA1B1DC0D700564EC8 /* searchFriend.swift in Sources */,
				4FDBA2B51A77EFDA00E19191 /* TabBarController.swift in Sources */,
				4F4F06921A922E120072B65C /* NearByCell.swift in Sources */,
				4FDB42E21B1C9C5700564EC8 /* DataPicker.swift in Sources */,
				4FDBA2B31A77EFDA00E19191 /* AppDelegate.swift in Sources */,
				4FDB42E61B1CB64F00564EC8 /* model.swift in Sources */,
				4FDB42E41B1CA09400564EC8 /* QXSZ.swift in Sources */,
				4F7938E41A78C2CC00B6C697 /* MyChoiceTableViewController.swift in Sources */,
				4F6A72281A7CA1A2005BE302 /* FriendsViewController.swift in Sources */,
				4FCC67031A808A97007CD7B0 /* NearbyViewController.swift in Sources */,
				4F6FD4121A86798800898100 /* NewChoiceVC.swift in Sources */,
			);
			runOnlyForDeploymentPostprocessing = 0;
		};
		4FDBA2BE1A77EFDA00E19191 /* Sources */ = {
			isa = PBXSourcesBuildPhase;
			buildActionMask = 2147483647;
			files = (
				4FDBA2C91A77EFDA00E19191 /* MyChoiceTests.swift in Sources */,
			);
			runOnlyForDeploymentPostprocessing = 0;
		};
/* End PBXSourcesBuildPhase section */

/* Begin PBXTargetDependency section */
		4FDBA2C41A77EFDA00E19191 /* PBXTargetDependency */ = {
			isa = PBXTargetDependency;
			target = 4FDBA2AC1A77EFDA00E19191 /* MyChoice */;
			targetProxy = 4FDBA2C31A77EFDA00E19191 /* PBXContainerItemProxy */;
		};
/* End PBXTargetDependency section */

/* Begin PBXVariantGroup section */
		4FDBA2B61A77EFDA00E19191 /* Main.storyboard */ = {
			isa = PBXVariantGroup;
			children = (
				4FDBA2B71A77EFDA00E19191 /* Base */,
			);
			name = Main.storyboard;
			sourceTree = "<group>";
		};
		4FDBA2BB1A77EFDA00E19191 /* LaunchScreen.xib */ = {
			isa = PBXVariantGroup;
			children = (
				4FDBA2BC1A77EFDA00E19191 /* Base */,
			);
			name = LaunchScreen.xib;
			sourceTree = "<group>";
		};
/* End PBXVariantGroup section */

/* Begin XCBuildConfiguration section */
		4FDBA2CA1A77EFDA00E19191 /* Debug */ = {
			isa = XCBuildConfiguration;
			buildSettings = {
				ALWAYS_SEARCH_USER_PATHS = NO;
				CLANG_CXX_LANGUAGE_STANDARD = "gnu++0x";
				CLANG_CXX_LIBRARY = "libc++";
				CLANG_ENABLE_MODULES = YES;
				CLANG_ENABLE_OBJC_ARC = YES;
				CLANG_WARN_BOOL_CONVERSION = YES;
				CLANG_WARN_CONSTANT_CONVERSION = YES;
				CLANG_WARN_DIRECT_OBJC_ISA_USAGE = YES_ERROR;
				CLANG_WARN_EMPTY_BODY = YES;
				CLANG_WARN_ENUM_CONVERSION = YES;
				CLANG_WARN_INT_CONVERSION = YES;
				CLANG_WARN_OBJC_ROOT_CLASS = YES_ERROR;
				CLANG_WARN_UNREACHABLE_CODE = YES;
				CLANG_WARN__DUPLICATE_METHOD_MATCH = YES;
				"CODE_SIGN_IDENTITY[sdk=iphoneos*]" = "iPhone Developer";
				COPY_PHASE_STRIP = NO;
				ENABLE_STRICT_OBJC_MSGSEND = YES;
				GCC_C_LANGUAGE_STANDARD = gnu99;
				GCC_DYNAMIC_NO_PIC = NO;
				GCC_OPTIMIZATION_LEVEL = 0;
				GCC_PREPROCESSOR_DEFINITIONS = (
					"DEBUG=1",
					"$(inherited)",
				);
				GCC_SYMBOLS_PRIVATE_EXTERN = NO;
				GCC_WARN_64_TO_32_BIT_CONVERSION = YES;
				GCC_WARN_ABOUT_RETURN_TYPE = YES_ERROR;
				GCC_WARN_UNDECLARED_SELECTOR = YES;
				GCC_WARN_UNINITIALIZED_AUTOS = YES_AGGRESSIVE;
				GCC_WARN_UNUSED_FUNCTION = YES;
				GCC_WARN_UNUSED_VARIABLE = YES;
				IPHONEOS_DEPLOYMENT_TARGET = 8.1;
				MTL_ENABLE_DEBUG_INFO = YES;
				ONLY_ACTIVE_ARCH = YES;
				SDKROOT = iphoneos;
				SWIFT_OPTIMIZATION_LEVEL = "-Onone";
			};
			name = Debug;
		};
		4FDBA2CB1A77EFDA00E19191 /* Release */ = {
			isa = XCBuildConfiguration;
			buildSettings = {
				ALWAYS_SEARCH_USER_PATHS = NO;
				CLANG_CXX_LANGUAGE_STANDARD = "gnu++0x";
				CLANG_CXX_LIBRARY = "libc++";
				CLANG_ENABLE_MODULES = YES;
				CLANG_ENABLE_OBJC_ARC = YES;
				CLANG_WARN_BOOL_CONVERSION = YES;
				CLANG_WARN_CONSTANT_CONVERSION = YES;
				CLANG_WARN_DIRECT_OBJC_ISA_USAGE = YES_ERROR;
				CLANG_WARN_EMPTY_BODY = YES;
				CLANG_WARN_ENUM_CONVERSION = YES;
				CLANG_WARN_INT_CONVERSION = YES;
				CLANG_WARN_OBJC_ROOT_CLASS = YES_ERROR;
				CLANG_WARN_UNREACHABLE_CODE = YES;
				CLANG_WARN__DUPLICATE_METHOD_MATCH = YES;
				"CODE_SIGN_IDENTITY[sdk=iphoneos*]" = "iPhone Developer";
				COPY_PHASE_STRIP = YES;
				ENABLE_NS_ASSERTIONS = NO;
				ENABLE_STRICT_OBJC_MSGSEND = YES;
				GCC_C_LANGUAGE_STANDARD = gnu99;
				GCC_WARN_64_TO_32_BIT_CONVERSION = YES;
				GCC_WARN_ABOUT_RETURN_TYPE = YES_ERROR;
				GCC_WARN_UNDECLARED_SELECTOR = YES;
				GCC_WARN_UNINITIALIZED_AUTOS = YES_AGGRESSIVE;
				GCC_WARN_UNUSED_FUNCTION = YES;
				GCC_WARN_UNUSED_VARIABLE = YES;
				IPHONEOS_DEPLOYMENT_TARGET = 8.1;
				MTL_ENABLE_DEBUG_INFO = NO;
				SDKROOT = iphoneos;
				VALIDATE_PRODUCT = YES;
			};
			name = Release;
		};
		4FDBA2CD1A77EFDA00E19191 /* Debug */ = {
			isa = XCBuildConfiguration;
			buildSettings = {
				ASSETCATALOG_COMPILER_APPICON_NAME = AppIcon;
				INFOPLIST_FILE = MyChoice/Info.plist;
				LD_RUNPATH_SEARCH_PATHS = "$(inherited) @executable_path/Frameworks";
				PRODUCT_NAME = "$(TARGET_NAME)";
			};
			name = Debug;
		};
		4FDBA2CE1A77EFDA00E19191 /* Release */ = {
			isa = XCBuildConfiguration;
			buildSettings = {
				ASSETCATALOG_COMPILER_APPICON_NAME = AppIcon;
				INFOPLIST_FILE = MyChoice/Info.plist;
				LD_RUNPATH_SEARCH_PATHS = "$(inherited) @executable_path/Frameworks";
				PRODUCT_NAME = "$(TARGET_NAME)";
			};
			name = Release;
		};
		4FDBA2D01A77EFDA00E19191 /* Debug */ = {
			isa = XCBuildConfiguration;
			buildSettings = {
				BUNDLE_LOADER = "$(TEST_HOST)";
				FRAMEWORK_SEARCH_PATHS = (
					"$(SDKROOT)/Developer/Library/Frameworks",
					"$(inherited)",
				);
				GCC_PREPROCESSOR_DEFINITIONS = (
					"DEBUG=1",
					"$(inherited)",
				);
				INFOPLIST_FILE = MyChoiceTests/Info.plist;
				LD_RUNPATH_SEARCH_PATHS = "$(inherited) @executable_path/Frameworks @loader_path/Frameworks";
				PRODUCT_NAME = "$(TARGET_NAME)";
				TEST_HOST = "$(BUILT_PRODUCTS_DIR)/MyChoice.app/MyChoice";
			};
			name = Debug;
		};
		4FDBA2D11A77EFDA00E19191 /* Release */ = {
			isa = XCBuildConfiguration;
			buildSettings = {
				BUNDLE_LOADER = "$(TEST_HOST)";
				FRAMEWORK_SEARCH_PATHS = (
					"$(SDKROOT)/Developer/Library/Frameworks",
					"$(inherited)",
				);
				INFOPLIST_FILE = MyChoiceTests/Info.plist;
				LD_RUNPATH_SEARCH_PATHS = "$(inherited) @executable_path/Frameworks @loader_path/Frameworks";
				PRODUCT_NAME = "$(TARGET_NAME)";
				TEST_HOST = "$(BUILT_PRODUCTS_DIR)/MyChoice.app/MyChoice";
			};
			name = Release;
		};
/* End XCBuildConfiguration section */

/* Begin XCConfigurationList section */
		4FDBA2A81A77EFDA00E19191 /* Build configuration list for PBXProject "MyChoice" */ = {
			isa = XCConfigurationList;
			buildConfigurations = (
				4FDBA2CA1A77EFDA00E19191 /* Debug */,
				4FDBA2CB1A77EFDA00E19191 /* Release */,
			);
			defaultConfigurationIsVisible = 0;
			defaultConfigurationName = Release;
		};
		4FDBA2CC1A77EFDA00E19191 /* Build configuration list for PBXNativeTarget "MyChoice" */ = {
			isa = XCConfigurationList;
			buildConfigurations = (
				4FDBA2CD1A77EFDA00E19191 /* Debug */,
				4FDBA2CE1A77EFDA00E19191 /* Release */,
			);
			defaultConfigurationIsVisible = 0;
			defaultConfigurationName = Release;
		};
		4FDBA2CF1A77EFDA00E19191 /* Build configuration list for PBXNativeTarget "MyChoiceTests" */ = {
			isa = XCConfigurationList;
			buildConfigurations = (
				4FDBA2D01A77EFDA00E19191 /* Debug */,
				4FDBA2D11A77EFDA00E19191 /* Release */,
			);
			defaultConfigurationIsVisible = 0;
			defaultConfigurationName = Release;
		};
/* End XCConfigurationList section */
	};
	rootObject = 4FDBA2A51A77EFDA00E19191 /* Project object */;
}
